// !$*UTF8*$!
{
	archiveVersion = 1;
	classes = {
	};
	objectVersion = 56;
	objects = {

/* Begin PBXBuildFile section */
		A293ED652A50F4FF00B6D049 /* SunShieldApp.swift in Sources */ = {isa = PBXBuildFile; fileRef = A293ED642A50F4FF00B6D049 /* SunShieldApp.swift */; };
		A293ED672A50F4FF00B6D049 /* ContentView.swift in Sources */ = {isa = PBXBuildFile; fileRef = A293ED662A50F4FF00B6D049 /* ContentView.swift */; };
		A293ED692A50F50100B6D049 /* Assets.xcassets in Resources */ = {isa = PBXBuildFile; fileRef = A293ED682A50F50100B6D049 /* Assets.xcassets */; };
		A293ED6C2A50F50100B6D049 /* Preview Assets.xcassets in Resources */ = {isa = PBXBuildFile; fileRef = A293ED6B2A50F50100B6D049 /* Preview Assets.xcassets */; };
		A293ED772A50F5EA00B6D049 /* LocationManager.swift in Sources */ = {isa = PBXBuildFile; fileRef = A293ED762A50F5EA00B6D049 /* LocationManager.swift */; };
		A293ED792A51EBA700B6D049 /* HeaderView.swift in Sources */ = {isa = PBXBuildFile; fileRef = A293ED782A51EBA700B6D049 /* HeaderView.swift */; };
		A293ED7B2A51EBC800B6D049 /* HourlyForecastView.swift in Sources */ = {isa = PBXBuildFile; fileRef = A293ED7A2A51EBC800B6D049 /* HourlyForecastView.swift */; };
		A293ED7D2A51EBD700B6D049 /* ExtendedForecastView.swift in Sources */ = {isa = PBXBuildFile; fileRef = A293ED7C2A51EBD700B6D049 /* ExtendedForecastView.swift */; };
		A293ED802A52072700B6D049 /* Extensions.swift in Sources */ = {isa = PBXBuildFile; fileRef = A293ED7F2A52072700B6D049 /* Extensions.swift */; };
/* End PBXBuildFile section */

/* Begin PBXFileReference section */
		A27DF64B2A53871600B9D9DF /* SunShield.entitlements */ = {isa = PBXFileReference; lastKnownFileType = text.plist.entitlements; path = SunShield.entitlements; sourceTree = "<group>"; };
		A293ED612A50F4FF00B6D049 /* SunShield.app */ = {isa = PBXFileReference; explicitFileType = wrapper.application; includeInIndex = 0; path = SunShield.app; sourceTree = BUILT_PRODUCTS_DIR; };
		A293ED642A50F4FF00B6D049 /* SunShieldApp.swift */ = {isa = PBXFileReference; lastKnownFileType = sourcecode.swift; path = SunShieldApp.swift; sourceTree = "<group>"; };
		A293ED662A50F4FF00B6D049 /* ContentView.swift */ = {isa = PBXFileReference; lastKnownFileType = sourcecode.swift; path = ContentView.swift; sourceTree = "<group>"; };
		A293ED682A50F50100B6D049 /* Assets.xcassets */ = {isa = PBXFileReference; lastKnownFileType = folder.assetcatalog; path = Assets.xcassets; sourceTree = "<group>"; };
		A293ED6B2A50F50100B6D049 /* Preview Assets.xcassets */ = {isa = PBXFileReference; lastKnownFileType = folder.assetcatalog; path = "Preview Assets.xcassets"; sourceTree = "<group>"; };
		A293ED762A50F5EA00B6D049 /* LocationManager.swift */ = {isa = PBXFileReference; lastKnownFileType = sourcecode.swift; path = LocationManager.swift; sourceTree = "<group>"; };
		A293ED782A51EBA700B6D049 /* HeaderView.swift */ = {isa = PBXFileReference; lastKnownFileType = sourcecode.swift; path = HeaderView.swift; sourceTree = "<group>"; };
		A293ED7A2A51EBC800B6D049 /* HourlyForecastView.swift */ = {isa = PBXFileReference; lastKnownFileType = sourcecode.swift; path = HourlyForecastView.swift; sourceTree = "<group>"; };
		A293ED7C2A51EBD700B6D049 /* ExtendedForecastView.swift */ = {isa = PBXFileReference; lastKnownFileType = sourcecode.swift; path = ExtendedForecastView.swift; sourceTree = "<group>"; };
		A293ED7F2A52072700B6D049 /* Extensions.swift */ = {isa = PBXFileReference; lastKnownFileType = sourcecode.swift; path = Extensions.swift; sourceTree = "<group>"; };
/* End PBXFileReference section */

/* Begin PBXFrameworksBuildPhase section */
		A293ED5E2A50F4FF00B6D049 /* Frameworks */ = {
			isa = PBXFrameworksBuildPhase;
			buildActionMask = 2147483647;
			files = (
			);
			runOnlyForDeploymentPostprocessing = 0;
		};
/* End PBXFrameworksBuildPhase section */

/* Begin PBXGroup section */
		A293ED582A50F4FF00B6D049 = {
			isa = PBXGroup;
			children = (
				A293ED632A50F4FF00B6D049 /* SunShield */,
				A293ED622A50F4FF00B6D049 /* Products */,
			);
			sourceTree = "<group>";
		};
		A293ED622A50F4FF00B6D049 /* Products */ = {
			isa = PBXGroup;
			children = (
				A293ED612A50F4FF00B6D049 /* SunShield.app */,
			);
			name = Products;
			sourceTree = "<group>";
		};
		A293ED632A50F4FF00B6D049 /* SunShield */ = {
			isa = PBXGroup;
			children = (
				A27DF64B2A53871600B9D9DF /* SunShield.entitlements */,
				A293ED722A50F58600B6D049 /* Views */,
				A293ED732A50F59000B6D049 /* ViewModels */,
				A293ED742A50F59700B6D049 /* Models */,
				A293ED752A50F59F00B6D049 /* Other */,
				A293ED6A2A50F50100B6D049 /* Preview Content */,
			);
			path = SunShield;
			sourceTree = "<group>";
		};
		A293ED6A2A50F50100B6D049 /* Preview Content */ = {
			isa = PBXGroup;
			children = (
				A293ED6B2A50F50100B6D049 /* Preview Assets.xcassets */,
			);
			path = "Preview Content";
			sourceTree = "<group>";
		};
		A293ED722A50F58600B6D049 /* Views */ = {
			isa = PBXGroup;
			children = (
				A293ED662A50F4FF00B6D049 /* ContentView.swift */,
				A293ED782A51EBA700B6D049 /* HeaderView.swift */,
				A293ED7A2A51EBC800B6D049 /* HourlyForecastView.swift */,
				A293ED7C2A51EBD700B6D049 /* ExtendedForecastView.swift */,
			);
			path = Views;
			sourceTree = "<group>";
		};
		A293ED732A50F59000B6D049 /* ViewModels */ = {
			isa = PBXGroup;
			children = (
			);
			path = ViewModels;
			sourceTree = "<group>";
		};
		A293ED742A50F59700B6D049 /* Models */ = {
			isa = PBXGroup;
			children = (
			);
			path = Models;
			sourceTree = "<group>";
		};
		A293ED752A50F59F00B6D049 /* Other */ = {
			isa = PBXGroup;
			children = (
				A293ED642A50F4FF00B6D049 /* SunShieldApp.swift */,
				A293ED762A50F5EA00B6D049 /* LocationManager.swift */,
				A293ED7F2A52072700B6D049 /* Extensions.swift */,
				A293ED682A50F50100B6D049 /* Assets.xcassets */,
			);
			path = Other;
			sourceTree = "<group>";
		};
/* End PBXGroup section */

/* Begin PBXNativeTarget section */
		A293ED602A50F4FF00B6D049 /* SunShield */ = {
			isa = PBXNativeTarget;
			buildConfigurationList = A293ED6F2A50F50100B6D049 /* Build configuration list for PBXNativeTarget "SunShield" */;
			buildPhases = (
				A293ED5D2A50F4FF00B6D049 /* Sources */,
				A293ED5E2A50F4FF00B6D049 /* Frameworks */,
				A293ED5F2A50F4FF00B6D049 /* Resources */,
			);
			buildRules = (
			);
			dependencies = (
			);
			name = SunShield;
			productName = SunShield;
			productReference = A293ED612A50F4FF00B6D049 /* SunShield.app */;
			productType = "com.apple.product-type.application";
		};
/* End PBXNativeTarget section */

/* Begin PBXProject section */
		A293ED592A50F4FF00B6D049 /* Project object */ = {
			isa = PBXProject;
			attributes = {
				BuildIndependentTargetsInParallel = 1;
				LastSwiftUpdateCheck = 1430;
				LastUpgradeCheck = 1430;
				TargetAttributes = {
					A293ED602A50F4FF00B6D049 = {
						CreatedOnToolsVersion = 14.3.1;
					};
				};
			};
			buildConfigurationList = A293ED5C2A50F4FF00B6D049 /* Build configuration list for PBXProject "SunShield" */;
			compatibilityVersion = "Xcode 14.0";
			developmentRegion = en;
			hasScannedForEncodings = 0;
			knownRegions = (
				en,
				Base,
			);
			mainGroup = A293ED582A50F4FF00B6D049;
			productRefGroup = A293ED622A50F4FF00B6D049 /* Products */;
			projectDirPath = "";
			projectRoot = "";
			targets = (
				A293ED602A50F4FF00B6D049 /* SunShield */,
			);
		};
/* End PBXProject section */

/* Begin PBXResourcesBuildPhase section */
		A293ED5F2A50F4FF00B6D049 /* Resources */ = {
			isa = PBXResourcesBuildPhase;
			buildActionMask = 2147483647;
			files = (
				A293ED6C2A50F50100B6D049 /* Preview Assets.xcassets in Resources */,
				A293ED692A50F50100B6D049 /* Assets.xcassets in Resources */,
			);
			runOnlyForDeploymentPostprocessing = 0;
		};
/* End PBXResourcesBuildPhase section */

/* Begin PBXSourcesBuildPhase section */
		A293ED5D2A50F4FF00B6D049 /* Sources */ = {
			isa = PBXSourcesBuildPhase;
			buildActionMask = 2147483647;
			files = (
				A293ED672A50F4FF00B6D049 /* ContentView.swift in Sources */,
				A293ED652A50F4FF00B6D049 /* SunShieldApp.swift in Sources */,
				A293ED772A50F5EA00B6D049 /* LocationManager.swift in Sources */,
				A293ED792A51EBA700B6D049 /* HeaderView.swift in Sources */,
				A293ED7D2A51EBD700B6D049 /* ExtendedForecastView.swift in Sources */,
				A293ED7B2A51EBC800B6D049 /* HourlyForecastView.swift in Sources */,
				A293ED802A52072700B6D049 /* Extensions.swift in Sources */,
			);
			runOnlyForDeploymentPostprocessing = 0;
		};
/* End PBXSourcesBuildPhase section */

/* Begin XCBuildConfiguration section */
		A293ED6D2A50F50100B6D049 /* Debug */ = {
			isa = XCBuildConfiguration;
			buildSettings = {
				ALWAYS_SEARCH_USER_PATHS = NO;
				CLANG_ANALYZER_NONNULL = YES;
				CLANG_ANALYZER_NUMBER_OBJECT_CONVERSION = YES_AGGRESSIVE;
				CLANG_CXX_LANGUAGE_STANDARD = "gnu++20";
				CLANG_ENABLE_MODULES = YES;
				CLANG_ENABLE_OBJC_ARC = YES;
				CLANG_ENABLE_OBJC_WEAK = YES;
				CLANG_WARN_BLOCK_CAPTURE_AUTORELEASING = YES;
				CLANG_WARN_BOOL_CONVERSION = YES;
				CLANG_WARN_COMMA = YES;
				CLANG_WARN_CONSTANT_CONVERSION = YES;
				CLANG_WARN_DEPRECATED_OBJC_IMPLEMENTATIONS = YES;
				CLANG_WARN_DIRECT_OBJC_ISA_USAGE = YES_ERROR;
				CLANG_WARN_DOCUMENTATION_COMMENTS = YES;
				CLANG_WARN_EMPTY_BODY = YES;
				CLANG_WARN_ENUM_CONVERSION = YES;
				CLANG_WARN_INFINITE_RECURSION = YES;
				CLANG_WARN_INT_CONVERSION = YES;
				CLANG_WARN_NON_LITERAL_NULL_CONVERSION = YES;
				CLANG_WARN_OBJC_IMPLICIT_RETAIN_SELF = YES;
				CLANG_WARN_OBJC_LITERAL_CONVERSION = YES;
				CLANG_WARN_OBJC_ROOT_CLASS = YES_ERROR;
				CLANG_WARN_QUOTED_INCLUDE_IN_FRAMEWORK_HEADER = YES;
				CLANG_WARN_RANGE_LOOP_ANALYSIS = YES;
				CLANG_WARN_STRICT_PROTOTYPES = YES;
				CLANG_WARN_SUSPICIOUS_MOVE = YES;
				CLANG_WARN_UNGUARDED_AVAILABILITY = YES_AGGRESSIVE;
				CLANG_WARN_UNREACHABLE_CODE = YES;
				CLANG_WARN__DUPLICATE_METHOD_MATCH = YES;
				COPY_PHASE_STRIP = NO;
				DEBUG_INFORMATION_FORMAT = dwarf;
				ENABLE_STRICT_OBJC_MSGSEND = YES;
				ENABLE_TESTABILITY = YES;
				GCC_C_LANGUAGE_STANDARD = gnu11;
				GCC_DYNAMIC_NO_PIC = NO;
				GCC_NO_COMMON_BLOCKS = YES;
				GCC_OPTIMIZATION_LEVEL = 0;
				GCC_PREPROCESSOR_DEFINITIONS = (
					"DEBUG=1",
					"$(inherited)",
				);
				GCC_WARN_64_TO_32_BIT_CONVERSION = YES;
				GCC_WARN_ABOUT_RETURN_TYPE = YES_ERROR;
				GCC_WARN_UNDECLARED_SELECTOR = YES;
				GCC_WARN_UNINITIALIZED_AUTOS = YES_AGGRESSIVE;
				GCC_WARN_UNUSED_FUNCTION = YES;
				GCC_WARN_UNUSED_VARIABLE = YES;
				IPHONEOS_DEPLOYMENT_TARGET = 16.4;
				MTL_ENABLE_DEBUG_INFO = INCLUDE_SOURCE;
				MTL_FAST_MATH = YES;
				ONLY_ACTIVE_ARCH = YES;
				SDKROOT = iphoneos;
				SWIFT_ACTIVE_COMPILATION_CONDITIONS = DEBUG;
				SWIFT_OPTIMIZATION_LEVEL = "-Onone";
			};
			name = Debug;
		};
		A293ED6E2A50F50100B6D049 /* Release */ = {
			isa = XCBuildConfiguration;
			buildSettings = {
				ALWAYS_SEARCH_USER_PATHS = NO;
				CLANG_ANALYZER_NONNULL = YES;
				CLANG_ANALYZER_NUMBER_OBJECT_CONVERSION = YES_AGGRESSIVE;
				CLANG_CXX_LANGUAGE_STANDARD = "gnu++20";
				CLANG_ENABLE_MODULES = YES;
				CLANG_ENABLE_OBJC_ARC = YES;
				CLANG_ENABLE_OBJC_WEAK = YES;
				CLANG_WARN_BLOCK_CAPTURE_AUTORELEASING = YES;
				CLANG_WARN_BOOL_CONVERSION = YES;
				CLANG_WARN_COMMA = YES;
				CLANG_WARN_CONSTANT_CONVERSION = YES;
				CLANG_WARN_DEPRECATED_OBJC_IMPLEMENTATIONS = YES;
				CLANG_WARN_DIRECT_OBJC_ISA_USAGE = YES_ERROR;
				CLANG_WARN_DOCUMENTATION_COMMENTS = YES;
				CLANG_WARN_EMPTY_BODY = YES;
				CLANG_WARN_ENUM_CONVERSION = YES;
				CLANG_WARN_INFINITE_RECURSION = YES;
				CLANG_WARN_INT_CONVERSION = YES;
				CLANG_WARN_NON_LITERAL_NULL_CONVERSION = YES;
				CLANG_WARN_OBJC_IMPLICIT_RETAIN_SELF = YES;
				CLANG_WARN_OBJC_LITERAL_CONVERSION = YES;
				CLANG_WARN_OBJC_ROOT_CLASS = YES_ERROR;
				CLANG_WARN_QUOTED_INCLUDE_IN_FRAMEWORK_HEADER = YES;
				CLANG_WARN_RANGE_LOOP_ANALYSIS = YES;
				CLANG_WARN_STRICT_PROTOTYPES = YES;
				CLANG_WARN_SUSPICIOUS_MOVE = YES;
				CLANG_WARN_UNGUARDED_AVAILABILITY = YES_AGGRESSIVE;
				CLANG_WARN_UNREACHABLE_CODE = YES;
				CLANG_WARN__DUPLICATE_METHOD_MATCH = YES;
				COPY_PHASE_STRIP = NO;
				DEBUG_INFORMATION_FORMAT = "dwarf-with-dsym";
				ENABLE_NS_ASSERTIONS = NO;
				ENABLE_STRICT_OBJC_MSGSEND = YES;
				GCC_C_LANGUAGE_STANDARD = gnu11;
				GCC_NO_COMMON_BLOCKS = YES;
				GCC_WARN_64_TO_32_BIT_CONVERSION = YES;
				GCC_WARN_ABOUT_RETURN_TYPE = YES_ERROR;
				GCC_WARN_UNDECLARED_SELECTOR = YES;
				GCC_WARN_UNINITIALIZED_AUTOS = YES_AGGRESSIVE;
				GCC_WARN_UNUSED_FUNCTION = YES;
				GCC_WARN_UNUSED_VARIABLE = YES;
				IPHONEOS_DEPLOYMENT_TARGET = 16.4;
				MTL_ENABLE_DEBUG_INFO = NO;
				MTL_FAST_MATH = YES;
				SDKROOT = iphoneos;
				SWIFT_COMPILATION_MODE = wholemodule;
				SWIFT_OPTIMIZATION_LEVEL = "-O";
				VALIDATE_PRODUCT = YES;
			};
			name = Release;
		};
		A293ED702A50F50100B6D049 /* Debug */ = {
			isa = XCBuildConfiguration;
			buildSettings = {
				ASSETCATALOG_COMPILER_APPICON_NAME = AppIcon;
				ASSETCATALOG_COMPILER_GLOBAL_ACCENT_COLOR_NAME = AccentColor;
				CODE_SIGN_ENTITLEMENTS = SunShield/SunShield.entitlements;
				CODE_SIGN_STYLE = Automatic;
				CURRENT_PROJECT_VERSION = 1;
				DEVELOPMENT_ASSET_PATHS = "\"SunShield/Preview Content\"";
				DEVELOPMENT_TEAM = HKNXW42UPG;
				ENABLE_PREVIEWS = YES;
				GENERATE_INFOPLIST_FILE = YES;
				INFOPLIST_KEY_NSLocationAlwaysUsageDescription = "SunShield requires your location (always).";
				INFOPLIST_KEY_NSLocationWhenInUseUsageDescription = "SunShield requires your location (when in use).";
				INFOPLIST_KEY_UIApplicationSceneManifest_Generation = YES;
				INFOPLIST_KEY_UIApplicationSupportsIndirectInputEvents = YES;
				INFOPLIST_KEY_UILaunchScreen_Generation = YES;
				INFOPLIST_KEY_UISupportedInterfaceOrientations_iPad = "UIInterfaceOrientationPortrait UIInterfaceOrientationPortraitUpsideDown UIInterfaceOrientationLandscapeLeft UIInterfaceOrientationLandscapeRight";
				INFOPLIST_KEY_UISupportedInterfaceOrientations_iPhone = "UIInterfaceOrientationPortrait UIInterfaceOrientationLandscapeLeft UIInterfaceOrientationLandscapeRight";
				LD_RUNPATH_SEARCH_PATHS = (
					"$(inherited)",
					"@executable_path/Frameworks",
				);
				MARKETING_VERSION = 1.0;
				PRODUCT_BUNDLE_IDENTIFIER = com.ctrlaltelite.SunShield;
				PRODUCT_NAME = "$(TARGET_NAME)";
				SWIFT_EMIT_LOC_STRINGS = YES;
				SWIFT_VERSION = 5.0;
				TARGETED_DEVICE_FAMILY = "1,2";
			};
			name = Debug;
		};
		A293ED712A50F50100B6D049 /* Release */ = {
			isa = XCBuildConfiguration;
			buildSettings = {
				ASSETCATALOG_COMPILER_APPICON_NAME = AppIcon;
				ASSETCATALOG_COMPILER_GLOBAL_ACCENT_COLOR_NAME = AccentColor;
				CODE_SIGN_ENTITLEMENTS = SunShield/SunShield.entitlements;
				CODE_SIGN_STYLE = Automatic;
				CURRENT_PROJECT_VERSION = 1;
				DEVELOPMENT_ASSET_PATHS = "\"SunShield/Preview Content\"";
				DEVELOPMENT_TEAM = HKNXW42UPG;
				ENABLE_PREVIEWS = YES;
				GENERATE_INFOPLIST_FILE = YES;
				INFOPLIST_KEY_NSLocationAlwaysUsageDescription = "SunShield requires your location (always).";
				INFOPLIST_KEY_NSLocationWhenInUseUsageDescription = "SunShield requires your location (when in use).";
				INFOPLIST_KEY_UIApplicationSceneManifest_Generation = YES;
				INFOPLIST_KEY_UIApplicationSupportsIndirectInputEvents = YES;
				INFOPLIST_KEY_UILaunchScreen_Generation = YES;
				INFOPLIST_KEY_UISupportedInterfaceOrientations_iPad = "UIInterfaceOrientationPortrait UIInterfaceOrientationPortraitUpsideDown UIInterfaceOrientationLandscapeLeft UIInterfaceOrientationLandscapeRight";
				INFOPLIST_KEY_UISupportedInterfaceOrientations_iPhone = "UIInterfaceOrientationPortrait UIInterfaceOrientationLandscapeLeft UIInterfaceOrientationLandscapeRight";
				LD_RUNPATH_SEARCH_PATHS = (
					"$(inherited)",
					"@executable_path/Frameworks",
				);
				MARKETING_VERSION = 1.0;
				PRODUCT_BUNDLE_IDENTIFIER = com.ctrlaltelite.SunShield;
				PRODUCT_NAME = "$(TARGET_NAME)";
				SWIFT_EMIT_LOC_STRINGS = YES;
				SWIFT_VERSION = 5.0;
				TARGETED_DEVICE_FAMILY = "1,2";
			};
			name = Release;
		};
/* End XCBuildConfiguration section */

/* Begin XCConfigurationList section */
		A293ED5C2A50F4FF00B6D049 /* Build configuration list for PBXProject "SunShield" */ = {
			isa = XCConfigurationList;
			buildConfigurations = (
				A293ED6D2A50F50100B6D049 /* Debug */,
				A293ED6E2A50F50100B6D049 /* Release */,
			);
			defaultConfigurationIsVisible = 0;
			defaultConfigurationName = Release;
		};
		A293ED6F2A50F50100B6D049 /* Build configuration list for PBXNativeTarget "SunShield" */ = {
			isa = XCConfigurationList;
			buildConfigurations = (
				A293ED702A50F50100B6D049 /* Debug */,
				A293ED712A50F50100B6D049 /* Release */,
			);
			defaultConfigurationIsVisible = 0;
			defaultConfigurationName = Release;
		};
/* End XCConfigurationList section */
	};
	rootObject = A293ED592A50F4FF00B6D049 /* Project object */;
}
